#MicroXplorer Configuration settings - do not modify
ADC1.Channel-0\#ChannelRegularConversion=ADC_CHANNEL_0
ADC1.DiscontinuousConvMode=DISABLE
ADC1.IPParameters=Rank-0\#ChannelRegularConversion,master,Channel-0\#ChannelRegularConversion,SamplingTime-0\#ChannelRegularConversion,NbrOfConversionFlag,ScanConvMode,DiscontinuousConvMode,NbrOfConversion
ADC1.NbrOfConversion=1
ADC1.NbrOfConversionFlag=1
ADC1.Rank-0\#ChannelRegularConversion=1
ADC1.SamplingTime-0\#ChannelRegularConversion=ADC_SAMPLETIME_3CYCLES
ADC1.ScanConvMode=DISABLE
ADC1.master=1
ADC2.Channel-1\#ChannelRegularConversion=ADC_CHANNEL_14
ADC2.IPParameters=Rank-1\#ChannelRegularConversion,Channel-1\#ChannelRegularConversion,SamplingTime-1\#ChannelRegularConversion,NbrOfConversionFlag
ADC2.NbrOfConversionFlag=1
ADC2.Rank-1\#ChannelRegularConversion=1
ADC2.SamplingTime-1\#ChannelRegularConversion=ADC_SAMPLETIME_3CYCLES
CAN1.CalculateBaudRate=333333
CAN1.CalculateTimeBit=3000
CAN1.CalculateTimeQuantum=1000.0
CAN1.IPParameters=CalculateTimeQuantum,CalculateTimeBit,CalculateBaudRate
File.Version=6
GPIO.groupedBy=Group By Peripherals
KeepUserPlacement=false
Mcu.CPN=STM32F446RET6
Mcu.Family=STM32F4
Mcu.IP0=ADC1
Mcu.IP1=ADC2
Mcu.IP2=CAN1
Mcu.IP3=NVIC
Mcu.IP4=RCC
Mcu.IP5=SPI2
Mcu.IP6=SPI3
Mcu.IP7=SYS
Mcu.IP8=UART5
Mcu.IP9=USART1
Mcu.IPNb=10
Mcu.Name=STM32F446R(C-E)Tx
Mcu.Package=LQFP64
Mcu.Pin0=PC13
Mcu.Pin1=PC14-OSC32_IN
Mcu.Pin10=PA3
Mcu.Pin11=PA4
Mcu.Pin12=PA5
Mcu.Pin13=PA6
Mcu.Pin14=PA7
Mcu.Pin15=PC4
Mcu.Pin16=PC5
Mcu.Pin17=PB0
Mcu.Pin18=PB1
Mcu.Pin19=PB2
Mcu.Pin2=PC15-OSC32_OUT
Mcu.Pin20=PB10
Mcu.Pin21=PB12
Mcu.Pin22=PB13
Mcu.Pin23=PB14
Mcu.Pin24=PB15
Mcu.Pin25=PC6
Mcu.Pin26=PC7
Mcu.Pin27=PC8
Mcu.Pin28=PC9
Mcu.Pin29=PA9
Mcu.Pin3=PH0-OSC_IN
Mcu.Pin30=PA10
Mcu.Pin31=PA11
Mcu.Pin32=PA12
Mcu.Pin33=PA13
Mcu.Pin34=PA14
Mcu.Pin35=PA15
Mcu.Pin36=PC10
Mcu.Pin37=PC11
Mcu.Pin38=PC12
Mcu.Pin39=PD2
Mcu.Pin4=PH1-OSC_OUT
Mcu.Pin40=PB3
Mcu.Pin41=PB5
Mcu.Pin42=PB6
Mcu.Pin43=PB7
Mcu.Pin44=PB8
Mcu.Pin45=PB9
Mcu.Pin46=VP_SYS_VS_Systick
Mcu.Pin5=PC0
Mcu.Pin6=PC1
Mcu.Pin7=PA0-WKUP
Mcu.Pin8=PA1
Mcu.Pin9=PA2
Mcu.PinsNb=47
Mcu.ThirdPartyNb=0
Mcu.UserConstants=
Mcu.UserName=STM32F446RETx
MxCube.Version=6.6.1
MxDb.Version=DB.6.0.60
NVIC.BusFault_IRQn=true\:0\:0\:false\:false\:true\:false\:false\:false
NVIC.DebugMonitor_IRQn=true\:0\:0\:false\:false\:true\:false\:false\:false
NVIC.ForceEnableDMAVector=true
NVIC.HardFault_IRQn=true\:0\:0\:false\:false\:true\:false\:false\:false
NVIC.MemoryManagement_IRQn=true\:0\:0\:false\:false\:true\:false\:false\:false
NVIC.NonMaskableInt_IRQn=true\:0\:0\:false\:false\:true\:false\:false\:false
NVIC.PendSV_IRQn=true\:0\:0\:false\:false\:true\:false\:false\:false
NVIC.PriorityGroup=NVIC_PRIORITYGROUP_4
NVIC.SVCall_IRQn=true\:0\:0\:false\:false\:true\:false\:false\:false
NVIC.SysTick_IRQn=true\:15\:0\:false\:false\:true\:false\:true\:false
NVIC.UsageFault_IRQn=true\:0\:0\:false\:false\:true\:false\:false\:false
PA0-WKUP.GPIOParameters=GPIO_Label
PA0-WKUP.GPIO_Label=ANAL1_ADC1_IN0
PA0-WKUP.Signal=ADCx_IN0
PA1.GPIOParameters=GPIO_Label
PA1.GPIO_Label=ANAL2_ADC1_IN1
PA1.Signal=ADCx_IN1
PA10.GPIOParameters=GPIO_Label
PA10.GPIO_Label=T_VCP_RX_USART1_RX
PA10.Mode=Asynchronous
PA10.Signal=USART1_RX
PA11.GPIOParameters=GPIO_Label
PA11.GPIO_Label=SN65HVD23x_R_CAN1_RX
PA11.Mode=CAN_Activate
PA11.Signal=CAN1_RX
PA12.GPIOParameters=GPIO_Label
PA12.GPIO_Label=SN65HVD23x_D_CAN1_TX
PA12.Mode=CAN_Activate
PA12.Signal=CAN1_TX
PA13.Mode=JTAG_4_pins
PA13.Signal=SYS_JTMS-SWDIO
PA14.Mode=JTAG_4_pins
PA14.Signal=SYS_JTCK-SWCLK
PA15.Mode=JTAG_4_pins
PA15.Signal=SYS_JTDI
PA2.GPIOParameters=GPIO_Label
PA2.GPIO_Label=ANAL3_ADC1_IN2
PA2.Signal=ADCx_IN2
PA3.GPIOParameters=GPIO_Label
PA3.GPIO_Label=ANAL4_ADC1_IN3
PA3.Signal=ADCx_IN3
PA4.GPIOParameters=GPIO_Label
PA4.GPIO_Label=ANAL5_ADC1_IN4
PA4.Signal=ADCx_IN4
PA5.GPIOParameters=GPIO_Label
PA5.GPIO_Label=ANAL6_ADC1_IN5
PA5.Signal=ADCx_IN5
PA6.GPIOParameters=GPIO_Label
PA6.GPIO_Label=ANAL7_ADC1_IN6
PA6.Signal=ADCx_IN6
PA7.GPIOParameters=GPIO_Label
PA7.GPIO_Label=ANAL8_ADC1_IN7
PA7.Signal=ADCx_IN7
PA9.GPIOParameters=GPIO_Label
PA9.GPIO_Label=T_VCP_TX_USART1_TX
PA9.Mode=Asynchronous
PA9.Signal=USART1_TX
PB0.GPIOParameters=GPIO_Label
PB0.GPIO_Label=ANAL9_ADC1_IN8
PB0.Signal=ADCx_IN8
PB1.GPIOParameters=GPIO_Label
PB1.GPIO_Label=ANAL10_ADC1_IN9
PB1.Signal=ADCx_IN9
PB10.GPIOParameters=GPIO_Label
PB10.GPIO_Label=ADC1283IPT_SCLK_SPI2_SCK
PB10.Mode=Full_Duplex_Master
PB10.Signal=SPI2_SCK
PB12.GPIOParameters=GPIO_Label
PB12.GPIO_Label=M95256_nW_GPIO_OUT
PB12.Locked=true
PB12.Signal=GPIO_Output
PB13.GPIOParameters=GPIO_Label
PB13.GPIO_Label=M95256_nS_GPIO_OUT
PB13.Locked=true
PB13.Signal=GPIO_Output
PB14.GPIOParameters=GPIO_Label
PB14.GPIO_Label=ADC1283IPT_DOUT_SPI2_MISO
PB14.Mode=Full_Duplex_Master
PB14.Signal=SPI2_MISO
PB15.GPIOParameters=GPIO_Label
PB15.GPIO_Label=LED_STAT3_GPIO_OUT
PB15.Locked=true
PB15.Signal=GPIO_Output
PB2.GPIOParameters=GPIO_Label
PB2.GPIO_Label=M95256_D_SPI3_MOSI
PB2.Mode=Full_Duplex_Master
PB2.Signal=SPI3_MOSI
PB3.Mode=JTAG_4_pins
PB3.Signal=SYS_JTDO-SWO
PB5.GPIOParameters=GPIO_Label
PB5.GPIO_Label=ADS112U04_nDRDY_GPIO_IN
PB5.Locked=true
PB5.Signal=GPXTI5
PB6.GPIOParameters=GPIO_Label
PB6.GPIO_Label=BSPD_ERR_GPIO_IN
PB6.Locked=true
PB6.Signal=GPIO_Input
PB7.GPIOParameters=GPIO_Label
PB7.GPIO_Label=BRK_LGHT_GPIO_OUT
PB7.Locked=true
PB7.Signal=GPIO_Output
PB8.GPIOParameters=GPIO_Label
PB8.GPIO_Label=SHTDWN1_GPIO_IN
PB8.Locked=true
PB8.Signal=GPIO_Input
PB9.GPIOParameters=GPIO_Label
PB9.GPIO_Label=SHTDWN2_GPIO_IN
PB9.Locked=true
PB9.Signal=GPIO_Input
PC0.GPIOParameters=GPIO_Label
PC0.GPIO_Label=ANAL11_ADC1_IN10
PC0.Signal=ADCx_IN10
PC1.GPIOParameters=GPIO_Label
PC1.GPIO_Label=ADC1283IPT_DIN_SPI2_MOSI
PC1.Mode=Full_Duplex_Master
PC1.Signal=SPI2_MOSI
PC10.GPIOParameters=GPIO_Label
PC10.GPIO_Label=M95256_C_SPI3_SCK
PC10.Mode=Full_Duplex_Master
PC10.Signal=SPI3_SCK
PC11.GPIOParameters=GPIO_Label
PC11.GPIO_Label=M95256_Q_SPI3_MISO
PC11.Mode=Full_Duplex_Master
PC11.Signal=SPI3_MISO
PC12.GPIOParameters=GPIO_Label
PC12.GPIO_Label=ADS112U04_RX_UART5_TX
PC12.Mode=Asynchronous
PC12.Signal=UART5_TX
PC13.GPIOParameters=GPIO_Label
PC13.GPIO_Label=SHTDWN3_GPIO_IN
PC13.Locked=true
PC13.Signal=GPIO_Input
PC14-OSC32_IN.GPIOParameters=GPIO_Label
PC14-OSC32_IN.GPIO_Label=SHTDWN4_GPIO_IN
PC14-OSC32_IN.Locked=true
PC14-OSC32_IN.Signal=GPIO_Input
PC15-OSC32_OUT.GPIOParameters=GPIO_Label
PC15-OSC32_OUT.GPIO_Label=ADC1283IPT_nCS_GPIO_OUT
PC15-OSC32_OUT.Locked=true
PC15-OSC32_OUT.Signal=GPIO_Output
PC4.GPIOParameters=GPIO_Label
PC4.GPIO_Label=POT1_ADC2_IN14
PC4.Locked=true
PC4.Signal=ADCx_IN14
PC5.GPIOParameters=GPIO_Label
PC5.GPIO_Label=POT2_ADC2_IN15
PC5.Locked=true
PC5.Signal=ADCx_IN15
PC6.GPIOParameters=GPIO_Label
PC6.GPIO_Label=LED_STAT2_GPIO_OUT
PC6.Locked=true
PC6.Signal=GPIO_Output
PC7.GPIOParameters=GPIO_Label
PC7.GPIO_Label=LED_STAT1_GPIO_OUT
PC7.Locked=true
PC7.Signal=GPIO_Output
PC8.GPIOParameters=GPIO_Label
PC8.GPIO_Label=LED_WARN_GPIO_OUT
PC8.Locked=true
PC8.Signal=GPIO_Output
PC9.GPIOParameters=GPIO_Label
PC9.GPIO_Label=LED_ERR_GPIO_OUT
PC9.Locked=true
PC9.Signal=GPIO_Output
PD2.GPIOParameters=GPIO_Label
PD2.GPIO_Label=ADS112U04_TX_UART5_RX
PD2.Mode=Asynchronous
PD2.Signal=UART5_RX
PH0-OSC_IN.Mode=HSE-External-Oscillator
PH0-OSC_IN.Signal=RCC_OSC_IN
PH1-OSC_OUT.Mode=HSE-External-Oscillator
PH1-OSC_OUT.Signal=RCC_OSC_OUT
PinOutPanel.RotationAngle=0
ProjectManager.AskForMigrate=true
ProjectManager.BackupPrevious=true
ProjectManager.CompilerOptimize=6
ProjectManager.ComputerToolchain=false
ProjectManager.CoupleFile=true
ProjectManager.CustomerFirmwarePackage=
ProjectManager.DefaultFWLocation=true
ProjectManager.DeletePrevious=true
ProjectManager.DeviceId=STM32F446RETx
ProjectManager.FirmwarePackage=STM32Cube FW_F4 V1.27.1
ProjectManager.FreePins=false
ProjectManager.HalAssertFull=false
ProjectManager.HeapSize=0x200
ProjectManager.KeepUserCode=true
ProjectManager.LastFirmware=true
ProjectManager.LibraryCopy=0
ProjectManager.MainLocation=Core/Src
ProjectManager.NoMain=false
ProjectManager.PreviousToolchain=
ProjectManager.ProjectBuild=false
ProjectManager.ProjectFileName=sensor_board.ioc
ProjectManager.ProjectName=sensor_board
ProjectManager.RegisterCallBack=
ProjectManager.StackSize=0x400
ProjectManager.TargetToolchain=Makefile
ProjectManager.ToolChainLocation=
ProjectManager.UnderRoot=false
ProjectManager.functionlistsort=1-SystemClock_Config-RCC-false-HAL-false,2-MX_GPIO_Init-GPIO-false-HAL-true,3-MX_ADC1_Init-ADC1-false-HAL-true,4-MX_CAN1_Init-CAN1-false-HAL-true,5-MX_ADC2_Init-ADC2-false-HAL-true,6-MX_SPI2_Init-SPI2-false-HAL-true,7-MX_SPI3_Init-SPI3-false-HAL-true,8-MX_UART5_Init-UART5-false-HAL-true,9-MX_USART1_UART_Init-USART1-false-HAL-true
RCC.CECFreq_Value=32786.88524590164
RCC.CortexFreq_Value=16000000
RCC.FamilyName=M
RCC.IPParameters=CECFreq_Value,CortexFreq_Value,FamilyName,PLLCLKFreq_Value,PLLI2SPCLKFreq_Value,PLLI2SQCLKFreq_Value,PLLI2SRCLKFreq_Value,PLLQCLKFreq_Value,PLLRCLKFreq_Value,PLLSAIPCLKFreq_Value,PLLSAIQCLKFreq_Value,SAIAFreq_Value,SAIBFreq_Value,SDIOFreq_Value,USBFreq_Value,VCOI2SInputFreq_Value,VCOI2SOutputFreq_Value,VCOInputFreq_Value,VCOOutputFreq_Value,VCOSAIInputFreq_Value,VCOSAIOutputFreq_Value
RCC.PLLCLKFreq_Value=96000000
RCC.PLLI2SPCLKFreq_Value=96000000
RCC.PLLI2SQCLKFreq_Value=96000000
RCC.PLLI2SRCLKFreq_Value=96000000
RCC.PLLQCLKFreq_Value=96000000
RCC.PLLRCLKFreq_Value=96000000
RCC.PLLSAIPCLKFreq_Value=96000000
RCC.PLLSAIQCLKFreq_Value=96000000
RCC.SAIAFreq_Value=96000000
RCC.SAIBFreq_Value=96000000
RCC.SDIOFreq_Value=96000000
RCC.USBFreq_Value=96000000
RCC.VCOI2SInputFreq_Value=1000000
RCC.VCOI2SOutputFreq_Value=192000000
RCC.VCOInputFreq_Value=1000000
RCC.VCOOutputFreq_Value=192000000
RCC.VCOSAIInputFreq_Value=1000000
RCC.VCOSAIOutputFreq_Value=192000000
SH.ADCx_IN0.0=ADC1_IN0,IN0
SH.ADCx_IN0.ConfNb=1
SH.ADCx_IN1.0=ADC1_IN1,IN1
SH.ADCx_IN1.ConfNb=1
SH.ADCx_IN10.0=ADC1_IN10,IN10
SH.ADCx_IN10.ConfNb=1
SH.ADCx_IN14.0=ADC2_IN14,IN14
SH.ADCx_IN14.ConfNb=1
SH.ADCx_IN15.0=ADC2_IN15,IN15
SH.ADCx_IN15.ConfNb=1
SH.ADCx_IN2.0=ADC1_IN2,IN2
SH.ADCx_IN2.ConfNb=1
SH.ADCx_IN3.0=ADC1_IN3,IN3
SH.ADCx_IN3.ConfNb=1
SH.ADCx_IN4.0=ADC1_IN4,IN4
SH.ADCx_IN4.ConfNb=1
SH.ADCx_IN5.0=ADC1_IN5,IN5
SH.ADCx_IN5.ConfNb=1
SH.ADCx_IN6.0=ADC1_IN6,IN6
SH.ADCx_IN6.ConfNb=1
SH.ADCx_IN7.0=ADC1_IN7,IN7
SH.ADCx_IN7.ConfNb=1
SH.ADCx_IN8.0=ADC1_IN8,IN8
SH.ADCx_IN8.ConfNb=1
SH.ADCx_IN9.0=ADC1_IN9,IN9
SH.ADCx_IN9.ConfNb=1
SH.GPXTI5.0=GPIO_EXTI5
SH.GPXTI5.ConfNb=1
SPI2.CalculateBaudRate=8.0 MBits/s
SPI2.Direction=SPI_DIRECTION_2LINES
SPI2.IPParameters=VirtualType,Mode,Direction,CalculateBaudRate
SPI2.Mode=SPI_MODE_MASTER
SPI2.VirtualType=VM_MASTER
SPI3.CalculateBaudRate=8.0 MBits/s
SPI3.Direction=SPI_DIRECTION_2LINES
SPI3.IPParameters=VirtualType,Mode,Direction,CalculateBaudRate
SPI3.Mode=SPI_MODE_MASTER
SPI3.VirtualType=VM_MASTER
UART5.IPParameters=VirtualMode
UART5.VirtualMode=Asynchronous
USART1.IPParameters=VirtualMode
USART1.VirtualMode=VM_ASYNC
VP_SYS_VS_Systick.Mode=SysTick
VP_SYS_VS_Systick.Signal=SYS_VS_Systick
board=custom
